
Microsoft Visual Studio Solution File, Format Version 12.00
# Visual Studio Version 17
VisualStudioVersion = 17.9.34728.123
MinimumVisualStudioVersion = 10.0.40219.1
Project("{FAE04EC0-301F-11D3-BF4B-00C04F79EFBC}") = "UmbracoProject", "UmbracoProject\UmbracoProject.csproj", "{36CB0D61-E505-401A-9940-7086BB03BF63}"
EndProject
Global
	GlobalSection(SolutionConfigurationPlatforms) = preSolution
		Debug|Any CPU = Debug|Any CPU
		Release|Any CPU = Release|Any CPU
	EndGlobalSection
	GlobalSection(ProjectConfigurationPlatforms) = postSolution
		{36CB0D61-E505-401A-9940-7086BB03BF63}.Debug|Any CPU.ActiveCfg = Debug|Any CPU
		{36CB0D61-E505-401A-9940-7086BB03BF63}.Debug|Any CPU.Build.0 = Debug|Any CPU
		{36CB0D61-E505-401A-9940-7086BB03BF63}.Release|Any CPU.ActiveCfg = Release|Any CPU
		{36CB0D61-E505-401A-9940-7086BB03BF63}.Release|Any CPU.Build.0 = Release|Any CPU
	EndGlobalSection
	GlobalSection(SolutionProperties) = preSolution
		HideSolutionNode = FALSE
	EndGlobalSection
	GlobalSection(ExtensibilityGlobals) = postSolution
		SolutionGuid = {F1340556-F713-492E-8014-5F7D6BD23A7A}
	EndGlobalSection
EndGlobal
